// !$*UTF8*$!
{
	archiveVersion = 1;
	classes = {
	};
	objectVersion = 50;
	objects = {

/* Begin PBXBuildFile section */
		17C84371217E62FA00B44034 /* AppDelegate.swift in Sources */ = {isa = PBXBuildFile; fileRef = 17C84370217E62FA00B44034 /* AppDelegate.swift */; };
		17C84373217E62FA00B44034 /* ViewController.swift in Sources */ = {isa = PBXBuildFile; fileRef = 17C84372217E62FA00B44034 /* ViewController.swift */; };
		17C84376217E62FA00B44034 /* Main.storyboard in Resources */ = {isa = PBXBuildFile; fileRef = 17C84374217E62FA00B44034 /* Main.storyboard */; };
		17C84378217E62FD00B44034 /* Assets.xcassets in Resources */ = {isa = PBXBuildFile; fileRef = 17C84377217E62FD00B44034 /* Assets.xcassets */; };
		17C8437B217E62FD00B44034 /* LaunchScreen.storyboard in Resources */ = {isa = PBXBuildFile; fileRef = 17C84379217E62FD00B44034 /* LaunchScreen.storyboard */; };
		17C84386217E62FD00B44034 /* DiceeTests.swift in Sources */ = {isa = PBXBuildFile; fileRef = 17C84385217E62FD00B44034 /* DiceeTests.swift */; };
		17C84391217E62FE00B44034 /* DiceeUITests.swift in Sources */ = {isa = PBXBuildFile; fileRef = 17C84390217E62FE00B44034 /* DiceeUITests.swift */; };
/* End PBXBuildFile section */

/* Begin PBXContainerItemProxy section */
		17C84382217E62FD00B44034 /* PBXContainerItemProxy */ = {
			isa = PBXContainerItemProxy;
			containerPortal = 17C84365217E62FA00B44034 /* Project object */;
			proxyType = 1;
			remoteGlobalIDString = 17C8436C217E62FA00B44034;
			remoteInfo = Dicee;
		};
		17C8438D217E62FD00B44034 /* PBXContainerItemProxy */ = {
			isa = PBXContainerItemProxy;
			containerPortal = 17C84365217E62FA00B44034 /* Project object */;
			proxyType = 1;
			remoteGlobalIDString = 17C8436C217E62FA00B44034;
			remoteInfo = Dicee;
		};
/* End PBXContainerItemProxy section */

/* Begin PBXFileReference section */
		17C8436D217E62FA00B44034 /* Dicee.app */ = {isa = PBXFileReference; explicitFileType = wrapper.application; includeInIndex = 0; path = Dicee.app; sourceTree = BUILT_PRODUCTS_DIR; };
		17C84370217E62FA00B44034 /* AppDelegate.swift */ = {isa = PBXFileReference; lastKnownFileType = sourcecode.swift; path = AppDelegate.swift; sourceTree = "<group>"; };
		17C84372217E62FA00B44034 /* ViewController.swift */ = {isa = PBXFileReference; lastKnownFileType = sourcecode.swift; path = ViewController.swift; sourceTree = "<group>"; };
		17C84375217E62FA00B44034 /* Base */ = {isa = PBXFileReference; lastKnownFileType = file.storyboard; name = Base; path = Base.lproj/Main.storyboard; sourceTree = "<group>"; };
		17C84377217E62FD00B44034 /* Assets.xcassets */ = {isa = PBXFileReference; lastKnownFileType = folder.assetcatalog; path = Assets.xcassets; sourceTree = "<group>"; };
		17C8437A217E62FD00B44034 /* Base */ = {isa = PBXFileReference; lastKnownFileType = file.storyboard; name = Base; path = Base.lproj/LaunchScreen.storyboard; sourceTree = "<group>"; };
		17C8437C217E62FD00B44034 /* Info.plist */ = {isa = PBXFileReference; lastKnownFileType = text.plist.xml; path = Info.plist; sourceTree = "<group>"; };
		17C84381217E62FD00B44034 /* DiceeTests.xctest */ = {isa = PBXFileReference; explicitFileType = wrapper.cfbundle; includeInIndex = 0; path = DiceeTests.xctest; sourceTree = BUILT_PRODUCTS_DIR; };
		17C84385217E62FD00B44034 /* DiceeTests.swift */ = {isa = PBXFileReference; lastKnownFileType = sourcecode.swift; path = DiceeTests.swift; sourceTree = "<group>"; };
		17C84387217E62FD00B44034 /* Info.plist */ = {isa = PBXFileReference; lastKnownFileType = text.plist.xml; path = Info.plist; sourceTree = "<group>"; };
		17C8438C217E62FD00B44034 /* DiceeUITests.xctest */ = {isa = PBXFileReference; explicitFileType = wrapper.cfbundle; includeInIndex = 0; path = DiceeUITests.xctest; sourceTree = BUILT_PRODUCTS_DIR; };
		17C84390217E62FE00B44034 /* DiceeUITests.swift */ = {isa = PBXFileReference; lastKnownFileType = sourcecode.swift; path = DiceeUITests.swift; sourceTree = "<group>"; };
		17C84392217E62FE00B44034 /* Info.plist */ = {isa = PBXFileReference; lastKnownFileType = text.plist.xml; path = Info.plist; sourceTree = "<group>"; };
/* End PBXFileReference section */

/* Begin PBXFrameworksBuildPhase section */
		17C8436A217E62FA00B44034 /* Frameworks */ = {
			isa = PBXFrameworksBuildPhase;
			buildActionMask = 2147483647;
			files = (
			);
			runOnlyForDeploymentPostprocessing = 0;
		};
		17C8437E217E62FD00B44034 /* Frameworks */ = {
			isa = PBXFrameworksBuildPhase;
			buildActionMask = 2147483647;
			files = (
			);
			runOnlyForDeploymentPostprocessing = 0;
		};
		17C84389217E62FD00B44034 /* Frameworks */ = {
			isa = PBXFrameworksBuildPhase;
			buildActionMask = 2147483647;
			files = (
			);
			runOnlyForDeploymentPostprocessing = 0;
		};
/* End PBXFrameworksBuildPhase section */

/* Begin PBXGroup section */
		17C84364217E62FA00B44034 = {
			isa = PBXGroup;
			children = (
				17C8436F217E62FA00B44034 /* Dicee */,
				17C84384217E62FD00B44034 /* DiceeTests */,
				17C8438F217E62FE00B44034 /* DiceeUITests */,
				17C8436E217E62FA00B44034 /* Products */,
			);
			sourceTree = "<group>";
		};
		17C8436E217E62FA00B44034 /* Products */ = {
			isa = PBXGroup;
			children = (
				17C8436D217E62FA00B44034 /* Dicee.app */,
				17C84381217E62FD00B44034 /* DiceeTests.xctest */,
				17C8438C217E62FD00B44034 /* DiceeUITests.xctest */,
			);
			name = Products;
			sourceTree = "<group>";
		};
		17C8436F217E62FA00B44034 /* Dicee */ = {
			isa = PBXGroup;
			children = (
				17C84370217E62FA00B44034 /* AppDelegate.swift */,
				17C84372217E62FA00B44034 /* ViewController.swift */,
				17C84374217E62FA00B44034 /* Main.storyboard */,
				17C84377217E62FD00B44034 /* Assets.xcassets */,
				17C84379217E62FD00B44034 /* LaunchScreen.storyboard */,
				17C8437C217E62FD00B44034 /* Info.plist */,
			);
			path = Dicee;
			sourceTree = "<group>";
		};
		17C84384217E62FD00B44034 /* DiceeTests */ = {
			isa = PBXGroup;
			children = (
				17C84385217E62FD00B44034 /* DiceeTests.swift */,
				17C84387217E62FD00B44034 /* Info.plist */,
			);
			path = DiceeTests;
			sourceTree = "<group>";
		};
		17C8438F217E62FE00B44034 /* DiceeUITests */ = {
			isa = PBXGroup;
			children = (
				17C84390217E62FE00B44034 /* DiceeUITests.swift */,
				17C84392217E62FE00B44034 /* Info.plist */,
			);
			path = DiceeUITests;
			sourceTree = "<group>";
		};
/* End PBXGroup section */

/* Begin PBXNativeTarget section */
		17C8436C217E62FA00B44034 /* Dicee */ = {
			isa = PBXNativeTarget;
			buildConfigurationList = 17C84395217E62FE00B44034 /* Build configuration list for PBXNativeTarget "Dicee" */;
			buildPhases = (
				17C84369217E62FA00B44034 /* Sources */,
				17C8436A217E62FA00B44034 /* Frameworks */,
				17C8436B217E62FA00B44034 /* Resources */,
			);
			buildRules = (
			);
			dependencies = (
			);
			name = Dicee;
			productName = Dicee;
			productReference = 17C8436D217E62FA00B44034 /* Dicee.app */;
			productType = "com.apple.product-type.application";
		};
		17C84380217E62FD00B44034 /* DiceeTests */ = {
			isa = PBXNativeTarget;
			buildConfigurationList = 17C84398217E62FE00B44034 /* Build configuration list for PBXNativeTarget "DiceeTests" */;
			buildPhases = (
				17C8437D217E62FD00B44034 /* Sources */,
				17C8437E217E62FD00B44034 /* Frameworks */,
				17C8437F217E62FD00B44034 /* Resources */,
			);
			buildRules = (
			);
			dependencies = (
				17C84383217E62FD00B44034 /* PBXTargetDependency */,
			);
			name = DiceeTests;
			productName = DiceeTests;
			productReference = 17C84381217E62FD00B44034 /* DiceeTests.xctest */;
			productType = "com.apple.product-type.bundle.unit-test";
		};
		17C8438B217E62FD00B44034 /* DiceeUITests */ = {
			isa = PBXNativeTarget;
			buildConfigurationList = 17C8439B217E62FE00B44034 /* Build configuration list for PBXNativeTarget "DiceeUITests" */;
			buildPhases = (
				17C84388217E62FD00B44034 /* Sources */,
				17C84389217E62FD00B44034 /* Frameworks */,
				17C8438A217E62FD00B44034 /* Resources */,
			);
			buildRules = (
			);
			dependencies = (
				17C8438E217E62FD00B44034 /* PBXTargetDependency */,
			);
			name = DiceeUITests;
			productName = DiceeUITests;
			productReference = 17C8438C217E62FD00B44034 /* DiceeUITests.xctest */;
			productType = "com.apple.product-type.bundle.ui-testing";
		};
/* End PBXNativeTarget section */

/* Begin PBXProject section */
		17C84365217E62FA00B44034 /* Project object */ = {
			isa = PBXProject;
			attributes = {
				LastSwiftUpdateCheck = 0940;
				LastUpgradeCheck = 0940;
				ORGANIZATIONNAME = siboney.rios;
				TargetAttributes = {
					17C8436C217E62FA00B44034 = {
						CreatedOnToolsVersion = 9.4;
					};
					17C84380217E62FD00B44034 = {
						CreatedOnToolsVersion = 9.4;
						TestTargetID = 17C8436C217E62FA00B44034;
					};
					17C8438B217E62FD00B44034 = {
						CreatedOnToolsVersion = 9.4;
						TestTargetID = 17C8436C217E62FA00B44034;
					};
				};
			};
			buildConfigurationList = 17C84368217E62FA00B44034 /* Build configuration list for PBXProject "Dicee" */;
			compatibilityVersion = "Xcode 9.3";
			developmentRegion = en;
			hasScannedForEncodings = 0;
			knownRegions = (
				en,
				Base,
			);
			mainGroup = 17C84364217E62FA00B44034;
			productRefGroup = 17C8436E217E62FA00B44034 /* Products */;
			projectDirPath = "";
			projectRoot = "";
			targets = (
				17C8436C217E62FA00B44034 /* Dicee */,
				17C84380217E62FD00B44034 /* DiceeTests */,
				17C8438B217E62FD00B44034 /* DiceeUITests */,
			);
		};
/* End PBXProject section */

/* Begin PBXResourcesBuildPhase section */
		17C8436B217E62FA00B44034 /* Resources */ = {
			isa = PBXResourcesBuildPhase;
			buildActionMask = 2147483647;
			files = (
				17C8437B217E62FD00B44034 /* LaunchScreen.storyboard in Resources */,
				17C84378217E62FD00B44034 /* Assets.xcassets in Resources */,
				17C84376217E62FA00B44034 /* Main.storyboard in Resources */,
			);
			runOnlyForDeploymentPostprocessing = 0;
		};
		17C8437F217E62FD00B44034 /* Resources */ = {
			isa = PBXResourcesBuildPhase;
			buildActionMask = 2147483647;
			files = (
			);
			runOnlyForDeploymentPostprocessing = 0;
		};
		17C8438A217E62FD00B44034 /* Resources */ = {
			isa = PBXResourcesBuildPhase;
			buildActionMask = 2147483647;
			files = (
			);
			runOnlyForDeploymentPostprocessing = 0;
		};
/* End PBXResourcesBuildPhase section */

/* Begin PBXSourcesBuildPhase section */
		17C84369217E62FA00B44034 /* Sources */ = {
			isa = PBXSourcesBuildPhase;
			buildActionMask = 2147483647;
			files = (
				17C84373217E62FA00B44034 /* ViewController.swift in Sources */,
				17C84371217E62FA00B44034 /* AppDelegate.swift in Sources */,
			);
			runOnlyForDeploymentPostprocessing = 0;
		};
		17C8437D217E62FD00B44034 /* Sources */ = {
			isa = PBXSourcesBuildPhase;
			buildActionMask = 2147483647;
			files = (
				17C84386217E62FD00B44034 /* DiceeTests.swift in Sources */,
			);
			runOnlyForDeploymentPostprocessing = 0;
		};
		17C84388217E62FD00B44034 /* Sources */ = {
			isa = PBXSourcesBuildPhase;
			buildActionMask = 2147483647;
			files = (
				17C84391217E62FE00B44034 /* DiceeUITests.swift in Sources */,
			);
			runOnlyForDeploymentPostprocessing = 0;
		};
/* End PBXSourcesBuildPhase section */

/* Begin PBXTargetDependency section */
		17C84383217E62FD00B44034 /* PBXTargetDependency */ = {
			isa = PBXTargetDependency;
			target = 17C8436C217E62FA00B44034 /* Dicee */;
			targetProxy = 17C84382217E62FD00B44034 /* PBXContainerItemProxy */;
		};
		17C8438E217E62FD00B44034 /* PBXTargetDependency */ = {
			isa = PBXTargetDependency;
			target = 17C8436C217E62FA00B44034 /* Dicee */;
			targetProxy = 17C8438D217E62FD00B44034 /* PBXContainerItemProxy */;
		};
/* End PBXTargetDependency section */

/* Begin PBXVariantGroup section */
		17C84374217E62FA00B44034 /* Main.storyboard */ = {
			isa = PBXVariantGroup;
			children = (
				17C84375217E62FA00B44034 /* Base */,
			);
			name = Main.storyboard;
			sourceTree = "<group>";
		};
		17C84379217E62FD00B44034 /* LaunchScreen.storyboard */ = {
			isa = PBXVariantGroup;
			children = (
				17C8437A217E62FD00B44034 /* Base */,
			);
			name = LaunchScreen.storyboard;
			sourceTree = "<group>";
		};
/* End PBXVariantGroup section */

/* Begin XCBuildConfiguration section */
		17C84393217E62FE00B44034 /* Debug */ = {
			isa = XCBuildConfiguration;
			buildSettings = {
				ALWAYS_SEARCH_USER_PATHS = NO;
				CLANG_ANALYZER_NONNULL = YES;
				CLANG_ANALYZER_NUMBER_OBJECT_CONVERSION = YES_AGGRESSIVE;
				CLANG_CXX_LANGUAGE_STANDARD = "gnu++14";
				CLANG_CXX_LIBRARY = "libc++";
				CLANG_ENABLE_MODULES = YES;
				CLANG_ENABLE_OBJC_ARC = YES;
				CLANG_ENABLE_OBJC_WEAK = YES;
				CLANG_WARN_BLOCK_CAPTURE_AUTORELEASING = YES;
				CLANG_WARN_BOOL_CONVERSION = YES;
				CLANG_WARN_COMMA = YES;
				CLANG_WARN_CONSTANT_CONVERSION = YES;
				CLANG_WARN_DEPRECATED_OBJC_IMPLEMENTATIONS = YES;
				CLANG_WARN_DIRECT_OBJC_ISA_USAGE = YES_ERROR;
				CLANG_WARN_DOCUMENTATION_COMMENTS = YES;
				CLANG_WARN_EMPTY_BODY = YES;
				CLANG_WARN_ENUM_CONVERSION = YES;
				CLANG_WARN_INFINITE_RECURSION = YES;
				CLANG_WARN_INT_CONVERSION = YES;
				CLANG_WARN_NON_LITERAL_NULL_CONVERSION = YES;
				CLANG_WARN_OBJC_IMPLICIT_RETAIN_SELF = YES;
				CLANG_WARN_OBJC_LITERAL_CONVERSION = YES;
				CLANG_WARN_OBJC_ROOT_CLASS = YES_ERROR;
				CLANG_WARN_RANGE_LOOP_ANALYSIS = YES;
				CLANG_WARN_STRICT_PROTOTYPES = YES;
				CLANG_WARN_SUSPICIOUS_MOVE = YES;
				CLANG_WARN_UNGUARDED_AVAILABILITY = YES_AGGRESSIVE;
				CLANG_WARN_UNREACHABLE_CODE = YES;
				CLANG_WARN__DUPLICATE_METHOD_MATCH = YES;
				CODE_SIGN_IDENTITY = "iPhone Developer";
				COPY_PHASE_STRIP = NO;
				DEBUG_INFORMATION_FORMAT = dwarf;
				ENABLE_STRICT_OBJC_MSGSEND = YES;
				ENABLE_TESTABILITY = YES;
				GCC_C_LANGUAGE_STANDARD = gnu11;
				GCC_DYNAMIC_NO_PIC = NO;
				GCC_NO_COMMON_BLOCKS = YES;
				GCC_OPTIMIZATION_LEVEL = 0;
				GCC_PREPROCESSOR_DEFINITIONS = (
					"DEBUG=1",
					"$(inherited)",
				);
				GCC_WARN_64_TO_32_BIT_CONVERSION = YES;
				GCC_WARN_ABOUT_RETURN_TYPE = YES_ERROR;
				GCC_WARN_UNDECLARED_SELECTOR = YES;
				GCC_WARN_UNINITIALIZED_AUTOS = YES_AGGRESSIVE;
				GCC_WARN_UNUSED_FUNCTION = YES;
				GCC_WARN_UNUSED_VARIABLE = YES;
				IPHONEOS_DEPLOYMENT_TARGET = 11.4;
				MTL_ENABLE_DEBUG_INFO = YES;
				ONLY_ACTIVE_ARCH = YES;
				SDKROOT = iphoneos;
				SWIFT_ACTIVE_COMPILATION_CONDITIONS = DEBUG;
				SWIFT_OPTIMIZATION_LEVEL = "-Onone";
			};
			name = Debug;
		};
		17C84394217E62FE00B44034 /* Release */ = {
			isa = XCBuildConfiguration;
			buildSettings = {
				ALWAYS_SEARCH_USER_PATHS = NO;
				CLANG_ANALYZER_NONNULL = YES;
				CLANG_ANALYZER_NUMBER_OBJECT_CONVERSION = YES_AGGRESSIVE;
				CLANG_CXX_LANGUAGE_STANDARD = "gnu++14";
				CLANG_CXX_LIBRARY = "libc++";
				CLANG_ENABLE_MODULES = YES;
				CLANG_ENABLE_OBJC_ARC = YES;
				CLANG_ENABLE_OBJC_WEAK = YES;
				CLANG_WARN_BLOCK_CAPTURE_AUTORELEASING = YES;
				CLANG_WARN_BOOL_CONVERSION = YES;
				CLANG_WARN_COMMA = YES;
				CLANG_WARN_CONSTANT_CONVERSION = YES;
				CLANG_WARN_DEPRECATED_OBJC_IMPLEMENTATIONS = YES;
				CLANG_WARN_DIRECT_OBJC_ISA_USAGE = YES_ERROR;
				CLANG_WARN_DOCUMENTATION_COMMENTS = YES;
				CLANG_WARN_EMPTY_BODY = YES;
				CLANG_WARN_ENUM_CONVERSION = YES;
				CLANG_WARN_INFINITE_RECURSION = YES;
				CLANG_WARN_INT_CONVERSION = YES;
				CLANG_WARN_NON_LITERAL_NULL_CONVERSION = YES;
				CLANG_WARN_OBJC_IMPLICIT_RETAIN_SELF = YES;
				CLANG_WARN_OBJC_LITERAL_CONVERSION = YES;
				CLANG_WARN_OBJC_ROOT_CLASS = YES_ERROR;
				CLANG_WARN_RANGE_LOOP_ANALYSIS = YES;
				CLANG_WARN_STRICT_PROTOTYPES = YES;
				CLANG_WARN_SUSPICIOUS_MOVE = YES;
				CLANG_WARN_UNGUARDED_AVAILABILITY = YES_AGGRESSIVE;
				CLANG_WARN_UNREACHABLE_CODE = YES;
				CLANG_WARN__DUPLICATE_METHOD_MATCH = YES;
				CODE_SIGN_IDENTITY = "iPhone Developer";
				COPY_PHASE_STRIP = NO;
				DEBUG_INFORMATION_FORMAT = "dwarf-with-dsym";
				ENABLE_NS_ASSERTIONS = NO;
				ENABLE_STRICT_OBJC_MSGSEND = YES;
				GCC_C_LANGUAGE_STANDARD = gnu11;
				GCC_NO_COMMON_BLOCKS = YES;
				GCC_WARN_64_TO_32_BIT_CONVERSION = YES;
				GCC_WARN_ABOUT_RETURN_TYPE = YES_ERROR;
				GCC_WARN_UNDECLARED_SELECTOR = YES;
				GCC_WARN_UNINITIALIZED_AUTOS = YES_AGGRESSIVE;
				GCC_WARN_UNUSED_FUNCTION = YES;
				GCC_WARN_UNUSED_VARIABLE = YES;
				IPHONEOS_DEPLOYMENT_TARGET = 11.4;
				MTL_ENABLE_DEBUG_INFO = NO;
				SDKROOT = iphoneos;
				SWIFT_COMPILATION_MODE = wholemodule;
				SWIFT_OPTIMIZATION_LEVEL = "-O";
				VALIDATE_PRODUCT = YES;
			};
			name = Release;
		};
		17C84396217E62FE00B44034 /* Debug */ = {
			isa = XCBuildConfiguration;
			buildSettings = {
				ASSETCATALOG_COMPILER_APPICON_NAME = AppIcon;
				CODE_SIGN_STYLE = Automatic;
				DEVELOPMENT_TEAM = 327AJZFVVJ;
				INFOPLIST_FILE = Dicee/Info.plist;
				LD_RUNPATH_SEARCH_PATHS = (
					"$(inherited)",
					"@executable_path/Frameworks",
				);
				PRODUCT_BUNDLE_IDENTIFIER = siboney.rios.Dicee;
				PRODUCT_NAME = "$(TARGET_NAME)";
				SWIFT_VERSION = 4.0;
				TARGETED_DEVICE_FAMILY = "1,2";
			};
			name = Debug;
		};
		17C84397217E62FE00B44034 /* Release */ = {
			isa = XCBuildConfiguration;
			buildSettings = {
				ASSETCATALOG_COMPILER_APPICON_NAME = AppIcon;
				CODE_SIGN_STYLE = Automatic;
				DEVELOPMENT_TEAM = 327AJZFVVJ;
				INFOPLIST_FILE = Dicee/Info.plist;
				LD_RUNPATH_SEARCH_PATHS = (
					"$(inherited)",
					"@executable_path/Frameworks",
				);
				PRODUCT_BUNDLE_IDENTIFIER = siboney.rios.Dicee;
				PRODUCT_NAME = "$(TARGET_NAME)";
				SWIFT_VERSION = 4.0;
				TARGETED_DEVICE_FAMILY = "1,2";
			};
			name = Release;
		};
		17C84399217E62FE00B44034 /* Debug */ = {
			isa = XCBuildConfiguration;
			buildSettings = {
				ALWAYS_EMBED_SWIFT_STANDARD_LIBRARIES = YES;
				BUNDLE_LOADER = "$(TEST_HOST)";
				CODE_SIGN_STYLE = Automatic;
				INFOPLIST_FILE = DiceeTests/Info.plist;
				LD_RUNPATH_SEARCH_PATHS = (
					"$(inherited)",
					"@executable_path/Frameworks",
					"@loader_path/Frameworks",
				);
				PRODUCT_BUNDLE_IDENTIFIER = siboney.rios.DiceeTests;
				PRODUCT_NAME = "$(TARGET_NAME)";
				SWIFT_VERSION = 4.0;
				TARGETED_DEVICE_FAMILY = "1,2";
				TEST_HOST = "$(BUILT_PRODUCTS_DIR)/Dicee.app/Dicee";
			};
			name = Debug;
		};
		17C8439A217E62FE00B44034 /* Release */ = {
			isa = XCBuildConfiguration;
			buildSettings = {
				ALWAYS_EMBED_SWIFT_STANDARD_LIBRARIES = YES;
				BUNDLE_LOADER = "$(TEST_HOST)";
				CODE_SIGN_STYLE = Automatic;
				INFOPLIST_FILE = DiceeTests/Info.plist;
				LD_RUNPATH_SEARCH_PATHS = (
					"$(inherited)",
					"@executable_path/Frameworks",
					"@loader_path/Frameworks",
				);
				PRODUCT_BUNDLE_IDENTIFIER = siboney.rios.DiceeTests;
				PRODUCT_NAME = "$(TARGET_NAME)";
				SWIFT_VERSION = 4.0;
				TARGETED_DEVICE_FAMILY = "1,2";
				TEST_HOST = "$(BUILT_PRODUCTS_DIR)/Dicee.app/Dicee";
			};
			name = Release;
		};
		17C8439C217E62FE00B44034 /* Debug */ = {
			isa = XCBuildConfiguration;
			buildSettings = {
				ALWAYS_EMBED_SWIFT_STANDARD_LIBRARIES = YES;
				CODE_SIGN_STYLE = Automatic;
				INFOPLIST_FILE = DiceeUITests/Info.plist;
				LD_RUNPATH_SEARCH_PATHS = (
					"$(inherited)",
					"@executable_path/Frameworks",
					"@loader_path/Frameworks",
				);
				PRODUCT_BUNDLE_IDENTIFIER = siboney.rios.DiceeUITests;
				PRODUCT_NAME = "$(TARGET_NAME)";
				SWIFT_VERSION = 4.0;
				TARGETED_DEVICE_FAMILY = "1,2";
				TEST_TARGET_NAME = Dicee;
			};
			name = Debug;
		};
		17C8439D217E62FE00B44034 /* Release */ = {
			isa = XCBuildConfiguration;
			buildSettings = {
				ALWAYS_EMBED_SWIFT_STANDARD_LIBRARIES = YES;
				CODE_SIGN_STYLE = Automatic;
				INFOPLIST_FILE = DiceeUITests/Info.plist;
				LD_RUNPATH_SEARCH_PATHS = (
					"$(inherited)",
					"@executable_path/Frameworks",
					"@loader_path/Frameworks",
				);
				PRODUCT_BUNDLE_IDENTIFIER = siboney.rios.DiceeUITests;
				PRODUCT_NAME = "$(TARGET_NAME)";
				SWIFT_VERSION = 4.0;
				TARGETED_DEVICE_FAMILY = "1,2";
				TEST_TARGET_NAME = Dicee;
			};
			name = Release;
		};
/* End XCBuildConfiguration section */

/* Begin XCConfigurationList section */
		17C84368217E62FA00B44034 /* Build configuration list for PBXProject "Dicee" */ = {
			isa = XCConfigurationList;
			buildConfigurations = (
				17C84393217E62FE00B44034 /* Debug */,
				17C84394217E62FE00B44034 /* Release */,
			);
			defaultConfigurationIsVisible = 0;
			defaultConfigurationName = Release;
		};
		17C84395217E62FE00B44034 /* Build configuration list for PBXNativeTarget "Dicee" */ = {
			isa = XCConfigurationList;
			buildConfigurations = (
				17C84396217E62FE00B44034 /* Debug */,
				17C84397217E62FE00B44034 /* Release */,
			);
			defaultConfigurationIsVisible = 0;
			defaultConfigurationName = Release;
		};
		17C84398217E62FE00B44034 /* Build configuration list for PBXNativeTarget "DiceeTests" */ = {
			isa = XCConfigurationList;
			buildConfigurations = (
				17C84399217E62FE00B44034 /* Debug */,
				17C8439A217E62FE00B44034 /* Release */,
			);
			defaultConfigurationIsVisible = 0;
			defaultConfigurationName = Release;
		};
		17C8439B217E62FE00B44034 /* Build configuration list for PBXNativeTarget "DiceeUITests" */ = {
			isa = XCConfigurationList;
			buildConfigurations = (
				17C8439C217E62FE00B44034 /* Debug */,
				17C8439D217E62FE00B44034 /* Release */,
			);
			defaultConfigurationIsVisible = 0;
			defaultConfigurationName = Release;
		};
/* End XCConfigurationList section */
	};
	rootObject = 17C84365217E62FA00B44034 /* Project object */;
}
